
Microsoft Visual Studio Solution File, Format Version 12.00
# Visual Studio Version 17
VisualStudioVersion = 17.1.32319.34
MinimumVisualStudioVersion = 10.0.40219.1
Project("{FAE04EC0-301F-11D3-BF4B-00C04F79EFBC}") = "Sanyo_Back", "Sanyo_Back\Sanyo_Back.csproj", "{74FF3226-8EF4-46C0-85DF-5B0361EB22EA}"
EndProject
Global
	GlobalSection(SolutionConfigurationPlatforms) = preSolution
		Debug|Any CPU = Debug|Any CPU
		Release|Any CPU = Release|Any CPU
	EndGlobalSection
	GlobalSection(ProjectConfigurationPlatforms) = postSolution
		{74FF3226-8EF4-46C0-85DF-5B0361EB22EA}.Debug|Any CPU.ActiveCfg = Debug|Any CPU
		{74FF3226-8EF4-46C0-85DF-5B0361EB22EA}.Debug|Any CPU.Build.0 = Debug|Any CPU
		{74FF3226-8EF4-46C0-85DF-5B0361EB22EA}.Release|Any CPU.ActiveCfg = Release|Any CPU
		{74FF3226-8EF4-46C0-85DF-5B0361EB22EA}.Release|Any CPU.Build.0 = Release|Any CPU
	EndGlobalSection
	GlobalSection(SolutionProperties) = preSolution
		HideSolutionNode = FALSE
	EndGlobalSection
	GlobalSection(ExtensibilityGlobals) = postSolution
		SolutionGuid = {EBDD2461-0D4F-4D00-879A-EE56193ACCE9}
	EndGlobalSection
EndGlobal
